
Microsoft Visual Studio Solution File, Format Version 12.00
# Visual Studio Version 16
VisualStudioVersion = 16.0.30309.148
MinimumVisualStudioVersion = 10.0.40219.1
Project("{FAE04EC0-301F-11D3-BF4B-00C04F79EFBC}") = "MSA.Phase2.AmazingApi", "MSA.Phase2.AmazingApi\MSA.Phase2.AmazingApi.csproj", "{60B8740D-84FB-4DB3-9836-9B795968899D}"
EndProject
Global
	GlobalSection(SolutionConfigurationPlatforms) = preSolution
		Debug|Any CPU = Debug|Any CPU
		Release|Any CPU = Release|Any CPU
	EndGlobalSection
	GlobalSection(ProjectConfigurationPlatforms) = postSolution
		{60B8740D-84FB-4DB3-9836-9B795968899D}.Debug|Any CPU.ActiveCfg = Debug|Any CPU
		{60B8740D-84FB-4DB3-9836-9B795968899D}.Debug|Any CPU.Build.0 = Debug|Any CPU
		{60B8740D-84FB-4DB3-9836-9B795968899D}.Release|Any CPU.ActiveCfg = Release|Any CPU
		{60B8740D-84FB-4DB3-9836-9B795968899D}.Release|Any CPU.Build.0 = Release|Any CPU
	EndGlobalSection
	GlobalSection(SolutionProperties) = preSolution
		HideSolutionNode = FALSE
	EndGlobalSection
	GlobalSection(ExtensibilityGlobals) = postSolution
		SolutionGuid = {898F65F0-C532-4DA7-A527-B4A8C7585C1A}
	EndGlobalSection
EndGlobal
